
Microsoft Visual Studio Solution File, Format Version 12.00
# Visual Studio 15
VisualStudioVersion = 15.0.27428.2002
MinimumVisualStudioVersion = 10.0.40219.1
Project("{FAE04EC0-301F-11D3-BF4B-00C04F79EFBC}") = "Dapper.Oracle", "Dapper.Oracle\Dapper.Oracle.csproj", "{B468DF2C-A9FA-47A3-B5B4-82217A8A6E0B}"
EndProject
Project("{FAE04EC0-301F-11D3-BF4B-00C04F79EFBC}") = "Tests.Dapper.Oracle", "Tests.Dapper.Oracle\Tests.Dapper.Oracle.csproj", "{61B9A97E-39E8-4719-BF12-95448FC19122}"
EndProject
Global
	GlobalSection(SolutionConfigurationPlatforms) = preSolution
		Debug|Any CPU = Debug|Any CPU
		Release|Any CPU = Release|Any CPU
	EndGlobalSection
	GlobalSection(ProjectConfigurationPlatforms) = postSolution
		{B468DF2C-A9FA-47A3-B5B4-82217A8A6E0B}.Debug|Any CPU.ActiveCfg = Debug|Any CPU
		{B468DF2C-A9FA-47A3-B5B4-82217A8A6E0B}.Debug|Any CPU.Build.0 = Debug|Any CPU
		{B468DF2C-A9FA-47A3-B5B4-82217A8A6E0B}.Release|Any CPU.ActiveCfg = Release|Any CPU
		{B468DF2C-A9FA-47A3-B5B4-82217A8A6E0B}.Release|Any CPU.Build.0 = Release|Any CPU
		{61B9A97E-39E8-4719-BF12-95448FC19122}.Debug|Any CPU.ActiveCfg = Debug|Any CPU
		{61B9A97E-39E8-4719-BF12-95448FC19122}.Debug|Any CPU.Build.0 = Debug|Any CPU
		{61B9A97E-39E8-4719-BF12-95448FC19122}.Release|Any CPU.ActiveCfg = Release|Any CPU
		{61B9A97E-39E8-4719-BF12-95448FC19122}.Release|Any CPU.Build.0 = Release|Any CPU
	EndGlobalSection
	GlobalSection(SolutionProperties) = preSolution
		HideSolutionNode = FALSE
	EndGlobalSection
	GlobalSection(ExtensibilityGlobals) = postSolution
		SolutionGuid = {F61EEFF4-7BC1-4F55-B078-8EC9F3C35EA8}
	EndGlobalSection
EndGlobal
