
Microsoft Visual Studio Solution File, Format Version 12.00
# Visual Studio 15
VisualStudioVersion = 15.0.27428.2002
MinimumVisualStudioVersion = 10.0.40219.1
Project("{9A19103F-16F7-4668-BE54-9A1E7A4F7556}") = "Dapper.Oracle", "Dapper.Oracle\Dapper.Oracle.csproj", "{D8D11AD7-B1E7-4B47-A412-06FC2075AED6}"
EndProject
Project("{9A19103F-16F7-4668-BE54-9A1E7A4F7556}") = "Tests.Dapper.Oracle", "Tests.Dapper.Oracle\Tests.Dapper.Oracle.csproj", "{8D6B3251-852F-45AB-A334-C0F3C1778D1A}"
EndProject
Global
	GlobalSection(SolutionConfigurationPlatforms) = preSolution
		Debug|Any CPU = Debug|Any CPU
		Release|Any CPU = Release|Any CPU
	EndGlobalSection
	GlobalSection(ProjectConfigurationPlatforms) = postSolution
		{D8D11AD7-B1E7-4B47-A412-06FC2075AED6}.Debug|Any CPU.ActiveCfg = Debug|Any CPU
		{D8D11AD7-B1E7-4B47-A412-06FC2075AED6}.Debug|Any CPU.Build.0 = Debug|Any CPU
		{D8D11AD7-B1E7-4B47-A412-06FC2075AED6}.Release|Any CPU.ActiveCfg = Release|Any CPU
		{D8D11AD7-B1E7-4B47-A412-06FC2075AED6}.Release|Any CPU.Build.0 = Release|Any CPU
		{8D6B3251-852F-45AB-A334-C0F3C1778D1A}.Debug|Any CPU.ActiveCfg = Debug|Any CPU
		{8D6B3251-852F-45AB-A334-C0F3C1778D1A}.Debug|Any CPU.Build.0 = Debug|Any CPU
		{8D6B3251-852F-45AB-A334-C0F3C1778D1A}.Release|Any CPU.ActiveCfg = Release|Any CPU
		{8D6B3251-852F-45AB-A334-C0F3C1778D1A}.Release|Any CPU.Build.0 = Release|Any CPU
	EndGlobalSection
	GlobalSection(SolutionProperties) = preSolution
		HideSolutionNode = FALSE
	EndGlobalSection
	GlobalSection(ExtensibilityGlobals) = postSolution
		SolutionGuid = {F61EEFF4-7BC1-4F55-B078-8EC9F3C35EA8}
	EndGlobalSection
EndGlobal
